// !$*UTF8*$!
{
	archiveVersion = 1;
	classes = {
	};
	objectVersion = 56;
	objects = {

/* Begin PBXBuildFile section */
		D94143772ACBE7D500AED53A /* AppDelegate.swift in Sources */ = {isa = PBXBuildFile; fileRef = D94143762ACBE7D500AED53A /* AppDelegate.swift */; };
		D94143792ACBE7D500AED53A /* SceneDelegate.swift in Sources */ = {isa = PBXBuildFile; fileRef = D94143782ACBE7D500AED53A /* SceneDelegate.swift */; };
		D941437B2ACBE7D500AED53A /* TurkiyeVC.swift in Sources */ = {isa = PBXBuildFile; fileRef = D941437A2ACBE7D500AED53A /* TurkiyeVC.swift */; };
		D94143802ACBE7D600AED53A /* Assets.xcassets in Resources */ = {isa = PBXBuildFile; fileRef = D941437F2ACBE7D600AED53A /* Assets.xcassets */; };
		D94143832ACBE7D600AED53A /* LaunchScreen.storyboard in Resources */ = {isa = PBXBuildFile; fileRef = D94143812ACBE7D600AED53A /* LaunchScreen.storyboard */; };
		D941438B2ACC09D600AED53A /* AddLabelVC.swift in Sources */ = {isa = PBXBuildFile; fileRef = D941438A2ACC09D600AED53A /* AddLabelVC.swift */; };
		D941438D2ACC0A0C00AED53A /* LozanVC.swift in Sources */ = {isa = PBXBuildFile; fileRef = D941438C2ACC0A0C00AED53A /* LozanVC.swift */; };
		D9C9C8422AD4173000D5F81A /* SnapKit in Frameworks */ = {isa = PBXBuildFile; productRef = D9C9C8412AD4173000D5F81A /* SnapKit */; };
		D9C9C8442AD4173000D5F81A /* SnapKit-Dynamic in Frameworks */ = {isa = PBXBuildFile; productRef = D9C9C8432AD4173000D5F81A /* SnapKit-Dynamic */; };
		D9C9C8472AD418A900D5F81A /* TinyConstraints in Frameworks */ = {isa = PBXBuildFile; productRef = D9C9C8462AD418A900D5F81A /* TinyConstraints */; };
		D9C9C8492AD430DE00D5F81A /* AddTextFieldVC.swift in Sources */ = {isa = PBXBuildFile; fileRef = D9C9C8482AD430DE00D5F81A /* AddTextFieldVC.swift */; };
		D9C9C84B2AD6736800D5F81A /* Extensions.swift in Sources */ = {isa = PBXBuildFile; fileRef = D9C9C84A2AD6736800D5F81A /* Extensions.swift */; };
		D9C9C84D2AD6790D00D5F81A /* BilgeAdamTextField.swift in Sources */ = {isa = PBXBuildFile; fileRef = D9C9C84C2AD6790D00D5F81A /* BilgeAdamTextField.swift */; };
		D9C9C84F2AD6B62E00D5F81A /* AddButtonVC.swift in Sources */ = {isa = PBXBuildFile; fileRef = D9C9C84E2AD6B62E00D5F81A /* AddButtonVC.swift */; };
		D9C9C8522AD8036B00D5F81A /* AlertVC.swift in Sources */ = {isa = PBXBuildFile; fileRef = D9C9C8512AD8036B00D5F81A /* AlertVC.swift */; };
		D9C9C8542AD81D1E00D5F81A /* ConstraintsVC.swift in Sources */ = {isa = PBXBuildFile; fileRef = D9C9C8532AD81D1E00D5F81A /* ConstraintsVC.swift */; };
		D9C9C8582ADD0DE400D5F81A /* AddPicker_SwitchVC.swift in Sources */ = {isa = PBXBuildFile; fileRef = D9C9C8572ADD0DE400D5F81A /* AddPicker_SwitchVC.swift */; };
		D9C9C85A2ADD4C8F00D5F81A /* AddSegmentedVC.swift in Sources */ = {isa = PBXBuildFile; fileRef = D9C9C8592ADD4C8F00D5F81A /* AddSegmentedVC.swift */; };
		D9C9C85C2ADD5D1A00D5F81A /* MainTabbarVC.swift in Sources */ = {isa = PBXBuildFile; fileRef = D9C9C85B2ADD5D1A00D5F81A /* MainTabbarVC.swift */; };
		D9C9C85E2ADE609000D5F81A /* TableViewVC.swift in Sources */ = {isa = PBXBuildFile; fileRef = D9C9C85D2ADE609000D5F81A /* TableViewVC.swift */; };
		D9C9C8642ADE6EA400D5F81A /* CustomCell.swift in Sources */ = {isa = PBXBuildFile; fileRef = D9C9C8632ADE6EA400D5F81A /* CustomCell.swift */; };
		D9C9C8662ADE763B00D5F81A /* User.swift in Sources */ = {isa = PBXBuildFile; fileRef = D9C9C8652ADE763B00D5F81A /* User.swift */; };
		D9C9C8682ADEA09800D5F81A /* CollectionViewVC.swift in Sources */ = {isa = PBXBuildFile; fileRef = D9C9C8672ADEA09800D5F81A /* CollectionViewVC.swift */; };
		D9C9C86B2ADEA42800D5F81A /* CustomCollectionCell.swift in Sources */ = {isa = PBXBuildFile; fileRef = D9C9C86A2ADEA42800D5F81A /* CustomCollectionCell.swift */; };
/* End PBXBuildFile section */

/* Begin PBXFileReference section */
		D94143732ACBE7D500AED53A /* Bilge_Adam_iOS2.app */ = {isa = PBXFileReference; explicitFileType = wrapper.application; includeInIndex = 0; path = Bilge_Adam_iOS2.app; sourceTree = BUILT_PRODUCTS_DIR; };
		D94143762ACBE7D500AED53A /* AppDelegate.swift */ = {isa = PBXFileReference; lastKnownFileType = sourcecode.swift; path = AppDelegate.swift; sourceTree = "<group>"; };
		D94143782ACBE7D500AED53A /* SceneDelegate.swift */ = {isa = PBXFileReference; lastKnownFileType = sourcecode.swift; path = SceneDelegate.swift; sourceTree = "<group>"; };
		D941437A2ACBE7D500AED53A /* TurkiyeVC.swift */ = {isa = PBXFileReference; lastKnownFileType = sourcecode.swift; path = TurkiyeVC.swift; sourceTree = "<group>"; };
		D941437F2ACBE7D600AED53A /* Assets.xcassets */ = {isa = PBXFileReference; lastKnownFileType = folder.assetcatalog; path = Assets.xcassets; sourceTree = "<group>"; };
		D94143822ACBE7D600AED53A /* Base */ = {isa = PBXFileReference; lastKnownFileType = file.storyboard; name = Base; path = Base.lproj/LaunchScreen.storyboard; sourceTree = "<group>"; };
		D94143842ACBE7D600AED53A /* Info.plist */ = {isa = PBXFileReference; lastKnownFileType = text.plist.xml; path = Info.plist; sourceTree = "<group>"; };
		D941438A2ACC09D600AED53A /* AddLabelVC.swift */ = {isa = PBXFileReference; lastKnownFileType = sourcecode.swift; path = AddLabelVC.swift; sourceTree = "<group>"; };
		D941438C2ACC0A0C00AED53A /* LozanVC.swift */ = {isa = PBXFileReference; lastKnownFileType = sourcecode.swift; path = LozanVC.swift; sourceTree = "<group>"; };
		D9C9C8482AD430DE00D5F81A /* AddTextFieldVC.swift */ = {isa = PBXFileReference; lastKnownFileType = sourcecode.swift; path = AddTextFieldVC.swift; sourceTree = "<group>"; };
		D9C9C84A2AD6736800D5F81A /* Extensions.swift */ = {isa = PBXFileReference; lastKnownFileType = sourcecode.swift; path = Extensions.swift; sourceTree = "<group>"; };
		D9C9C84C2AD6790D00D5F81A /* BilgeAdamTextField.swift */ = {isa = PBXFileReference; lastKnownFileType = sourcecode.swift; path = BilgeAdamTextField.swift; sourceTree = "<group>"; };
		D9C9C84E2AD6B62E00D5F81A /* AddButtonVC.swift */ = {isa = PBXFileReference; lastKnownFileType = sourcecode.swift; path = AddButtonVC.swift; sourceTree = "<group>"; };
		D9C9C8512AD8036B00D5F81A /* AlertVC.swift */ = {isa = PBXFileReference; lastKnownFileType = sourcecode.swift; path = AlertVC.swift; sourceTree = "<group>"; };
		D9C9C8532AD81D1E00D5F81A /* ConstraintsVC.swift */ = {isa = PBXFileReference; lastKnownFileType = sourcecode.swift; path = ConstraintsVC.swift; sourceTree = "<group>"; };
		D9C9C8572ADD0DE400D5F81A /* AddPicker_SwitchVC.swift */ = {isa = PBXFileReference; lastKnownFileType = sourcecode.swift; path = AddPicker_SwitchVC.swift; sourceTree = "<group>"; };
		D9C9C8592ADD4C8F00D5F81A /* AddSegmentedVC.swift */ = {isa = PBXFileReference; lastKnownFileType = sourcecode.swift; path = AddSegmentedVC.swift; sourceTree = "<group>"; };
		D9C9C85B2ADD5D1A00D5F81A /* MainTabbarVC.swift */ = {isa = PBXFileReference; lastKnownFileType = sourcecode.swift; path = MainTabbarVC.swift; sourceTree = "<group>"; };
		D9C9C85D2ADE609000D5F81A /* TableViewVC.swift */ = {isa = PBXFileReference; lastKnownFileType = sourcecode.swift; path = TableViewVC.swift; sourceTree = "<group>"; xcLanguageSpecificationIdentifier = xcode.lang.swift; };
		D9C9C8632ADE6EA400D5F81A /* CustomCell.swift */ = {isa = PBXFileReference; lastKnownFileType = sourcecode.swift; path = CustomCell.swift; sourceTree = "<group>"; };
		D9C9C8652ADE763B00D5F81A /* User.swift */ = {isa = PBXFileReference; lastKnownFileType = sourcecode.swift; path = User.swift; sourceTree = "<group>"; };
		D9C9C8672ADEA09800D5F81A /* CollectionViewVC.swift */ = {isa = PBXFileReference; lastKnownFileType = sourcecode.swift; path = CollectionViewVC.swift; sourceTree = "<group>"; };
		D9C9C86A2ADEA42800D5F81A /* CustomCollectionCell.swift */ = {isa = PBXFileReference; lastKnownFileType = sourcecode.swift; path = CustomCollectionCell.swift; sourceTree = "<group>"; };
/* End PBXFileReference section */

/* Begin PBXFrameworksBuildPhase section */
		D94143702ACBE7D500AED53A /* Frameworks */ = {
			isa = PBXFrameworksBuildPhase;
			buildActionMask = 2147483647;
			files = (
				D9C9C8422AD4173000D5F81A /* SnapKit in Frameworks */,
				D9C9C8442AD4173000D5F81A /* SnapKit-Dynamic in Frameworks */,
				D9C9C8472AD418A900D5F81A /* TinyConstraints in Frameworks */,
			);
			runOnlyForDeploymentPostprocessing = 0;
		};
/* End PBXFrameworksBuildPhase section */

/* Begin PBXGroup section */
		D941436A2ACBE7D500AED53A = {
			isa = PBXGroup;
			children = (
				D94143752ACBE7D500AED53A /* Bilge_Adam_iOS2 */,
				D94143742ACBE7D500AED53A /* Products */,
			);
			sourceTree = "<group>";
		};
		D94143742ACBE7D500AED53A /* Products */ = {
			isa = PBXGroup;
			children = (
				D94143732ACBE7D500AED53A /* Bilge_Adam_iOS2.app */,
			);
			name = Products;
			sourceTree = "<group>";
		};
		D94143752ACBE7D500AED53A /* Bilge_Adam_iOS2 */ = {
			isa = PBXGroup;
			children = (
				D94143762ACBE7D500AED53A /* AppDelegate.swift */,
				D94143782ACBE7D500AED53A /* SceneDelegate.swift */,
				D9C9C8602ADE6D6E00D5F81A /* Utils */,
				D9C9C8612ADE6DFA00D5F81A /* Screens */,
				D9C9C8502AD6B63400D5F81A /* CustomComponents */,
				D941437F2ACBE7D600AED53A /* Assets.xcassets */,
				D94143812ACBE7D600AED53A /* LaunchScreen.storyboard */,
				D94143842ACBE7D600AED53A /* Info.plist */,
			);
			path = Bilge_Adam_iOS2;
			sourceTree = "<group>";
		};
		D9C9C8502AD6B63400D5F81A /* CustomComponents */ = {
			isa = PBXGroup;
			children = (
				D9C9C84C2AD6790D00D5F81A /* BilgeAdamTextField.swift */,
			);
			path = CustomComponents;
			sourceTree = "<group>";
		};
		D9C9C8602ADE6D6E00D5F81A /* Utils */ = {
			isa = PBXGroup;
			children = (
				D9C9C84A2AD6736800D5F81A /* Extensions.swift */,
			);
			path = Utils;
			sourceTree = "<group>";
		};
		D9C9C8612ADE6DFA00D5F81A /* Screens */ = {
			isa = PBXGroup;
			children = (
				D9C9C8692ADEA40700D5F81A /* CollectionViewVC */,
				D9C9C8622ADE6E4B00D5F81A /* TableViewVC */,
				D941437A2ACBE7D500AED53A /* TurkiyeVC.swift */,
				D941438C2ACC0A0C00AED53A /* LozanVC.swift */,
				D9C9C8592ADD4C8F00D5F81A /* AddSegmentedVC.swift */,
				D9C9C84E2AD6B62E00D5F81A /* AddButtonVC.swift */,
				D9C9C8482AD430DE00D5F81A /* AddTextFieldVC.swift */,
				D941438A2ACC09D600AED53A /* AddLabelVC.swift */,
				D9C9C8512AD8036B00D5F81A /* AlertVC.swift */,
				D9C9C8532AD81D1E00D5F81A /* ConstraintsVC.swift */,
				D9C9C8572ADD0DE400D5F81A /* AddPicker_SwitchVC.swift */,
				D9C9C85B2ADD5D1A00D5F81A /* MainTabbarVC.swift */,
			);
			path = Screens;
			sourceTree = "<group>";
		};
		D9C9C8622ADE6E4B00D5F81A /* TableViewVC */ = {
			isa = PBXGroup;
			children = (
				D9C9C85D2ADE609000D5F81A /* TableViewVC.swift */,
				D9C9C8632ADE6EA400D5F81A /* CustomCell.swift */,
				D9C9C8652ADE763B00D5F81A /* User.swift */,
			);
			path = TableViewVC;
			sourceTree = "<group>";
		};
		D9C9C8692ADEA40700D5F81A /* CollectionViewVC */ = {
			isa = PBXGroup;
			children = (
				D9C9C8672ADEA09800D5F81A /* CollectionViewVC.swift */,
				D9C9C86A2ADEA42800D5F81A /* CustomCollectionCell.swift */,
			);
			path = CollectionViewVC;
			sourceTree = "<group>";
		};
/* End PBXGroup section */

/* Begin PBXNativeTarget section */
		D94143722ACBE7D500AED53A /* Bilge_Adam_iOS2 */ = {
			isa = PBXNativeTarget;
			buildConfigurationList = D94143872ACBE7D600AED53A /* Build configuration list for PBXNativeTarget "Bilge_Adam_iOS2" */;
			buildPhases = (
				D941436F2ACBE7D500AED53A /* Sources */,
				D94143702ACBE7D500AED53A /* Frameworks */,
				D94143712ACBE7D500AED53A /* Resources */,
			);
			buildRules = (
			);
			dependencies = (
			);
			name = Bilge_Adam_iOS2;
			packageProductDependencies = (
				D9C9C8412AD4173000D5F81A /* SnapKit */,
				D9C9C8432AD4173000D5F81A /* SnapKit-Dynamic */,
				D9C9C8462AD418A900D5F81A /* TinyConstraints */,
			);
			productName = Bilge_Adam_iOS2;
			productReference = D94143732ACBE7D500AED53A /* Bilge_Adam_iOS2.app */;
			productType = "com.apple.product-type.application";
		};
/* End PBXNativeTarget section */

/* Begin PBXProject section */
		D941436B2ACBE7D500AED53A /* Project object */ = {
			isa = PBXProject;
			attributes = {
				BuildIndependentTargetsInParallel = 1;
				LastSwiftUpdateCheck = 1500;
				LastUpgradeCheck = 1500;
				TargetAttributes = {
					D94143722ACBE7D500AED53A = {
						CreatedOnToolsVersion = 15.0;
					};
				};
			};
			buildConfigurationList = D941436E2ACBE7D500AED53A /* Build configuration list for PBXProject "Bilge_Adam_iOS2" */;
			compatibilityVersion = "Xcode 14.0";
			developmentRegion = en;
			hasScannedForEncodings = 0;
			knownRegions = (
				en,
				Base,
			);
			mainGroup = D941436A2ACBE7D500AED53A;
			packageReferences = (
				D9C9C8402AD4173000D5F81A /* XCRemoteSwiftPackageReference "SnapKit" */,
				D9C9C8452AD418A900D5F81A /* XCRemoteSwiftPackageReference "TinyConstraints" */,
			);
			productRefGroup = D94143742ACBE7D500AED53A /* Products */;
			projectDirPath = "";
			projectRoot = "";
			targets = (
				D94143722ACBE7D500AED53A /* Bilge_Adam_iOS2 */,
			);
		};
/* End PBXProject section */

/* Begin PBXResourcesBuildPhase section */
		D94143712ACBE7D500AED53A /* Resources */ = {
			isa = PBXResourcesBuildPhase;
			buildActionMask = 2147483647;
			files = (
				D94143832ACBE7D600AED53A /* LaunchScreen.storyboard in Resources */,
				D94143802ACBE7D600AED53A /* Assets.xcassets in Resources */,
			);
			runOnlyForDeploymentPostprocessing = 0;
		};
/* End PBXResourcesBuildPhase section */

/* Begin PBXSourcesBuildPhase section */
		D941436F2ACBE7D500AED53A /* Sources */ = {
			isa = PBXSourcesBuildPhase;
			buildActionMask = 2147483647;
			files = (
				D9C9C8582ADD0DE400D5F81A /* AddPicker_SwitchVC.swift in Sources */,
				D9C9C85C2ADD5D1A00D5F81A /* MainTabbarVC.swift in Sources */,
				D9C9C8492AD430DE00D5F81A /* AddTextFieldVC.swift in Sources */,
				D941438D2ACC0A0C00AED53A /* LozanVC.swift in Sources */,
				D9C9C84D2AD6790D00D5F81A /* BilgeAdamTextField.swift in Sources */,
				D9C9C8522AD8036B00D5F81A /* AlertVC.swift in Sources */,
				D9C9C8642ADE6EA400D5F81A /* CustomCell.swift in Sources */,
				D9C9C8662ADE763B00D5F81A /* User.swift in Sources */,
				D9C9C85E2ADE609000D5F81A /* TableViewVC.swift in Sources */,
				D941437B2ACBE7D500AED53A /* TurkiyeVC.swift in Sources */,
				D9C9C84F2AD6B62E00D5F81A /* AddButtonVC.swift in Sources */,
				D9C9C86B2ADEA42800D5F81A /* CustomCollectionCell.swift in Sources */,
				D941438B2ACC09D600AED53A /* AddLabelVC.swift in Sources */,
				D9C9C8542AD81D1E00D5F81A /* ConstraintsVC.swift in Sources */,
				D94143772ACBE7D500AED53A /* AppDelegate.swift in Sources */,
				D94143792ACBE7D500AED53A /* SceneDelegate.swift in Sources */,
				D9C9C85A2ADD4C8F00D5F81A /* AddSegmentedVC.swift in Sources */,
				D9C9C84B2AD6736800D5F81A /* Extensions.swift in Sources */,
				D9C9C8682ADEA09800D5F81A /* CollectionViewVC.swift in Sources */,
			);
			runOnlyForDeploymentPostprocessing = 0;
		};
/* End PBXSourcesBuildPhase section */

/* Begin PBXVariantGroup section */
		D94143812ACBE7D600AED53A /* LaunchScreen.storyboard */ = {
			isa = PBXVariantGroup;
			children = (
				D94143822ACBE7D600AED53A /* Base */,
			);
			name = LaunchScreen.storyboard;
			sourceTree = "<group>";
		};
/* End PBXVariantGroup section */

/* Begin XCBuildConfiguration section */
		D94143852ACBE7D600AED53A /* Debug */ = {
			isa = XCBuildConfiguration;
			buildSettings = {
				ALWAYS_SEARCH_USER_PATHS = NO;
				ASSETCATALOG_COMPILER_GENERATE_SWIFT_ASSET_SYMBOL_EXTENSIONS = YES;
				CLANG_ANALYZER_NONNULL = YES;
				CLANG_ANALYZER_NUMBER_OBJECT_CONVERSION = YES_AGGRESSIVE;
				CLANG_CXX_LANGUAGE_STANDARD = "gnu++20";
				CLANG_ENABLE_MODULES = YES;
				CLANG_ENABLE_OBJC_ARC = YES;
				CLANG_ENABLE_OBJC_WEAK = YES;
				CLANG_WARN_BLOCK_CAPTURE_AUTORELEASING = YES;
				CLANG_WARN_BOOL_CONVERSION = YES;
				CLANG_WARN_COMMA = YES;
				CLANG_WARN_CONSTANT_CONVERSION = YES;
				CLANG_WARN_DEPRECATED_OBJC_IMPLEMENTATIONS = YES;
				CLANG_WARN_DIRECT_OBJC_ISA_USAGE = YES_ERROR;
				CLANG_WARN_DOCUMENTATION_COMMENTS = YES;
				CLANG_WARN_EMPTY_BODY = YES;
				CLANG_WARN_ENUM_CONVERSION = YES;
				CLANG_WARN_INFINITE_RECURSION = YES;
				CLANG_WARN_INT_CONVERSION = YES;
				CLANG_WARN_NON_LITERAL_NULL_CONVERSION = YES;
				CLANG_WARN_OBJC_IMPLICIT_RETAIN_SELF = YES;
				CLANG_WARN_OBJC_LITERAL_CONVERSION = YES;
				CLANG_WARN_OBJC_ROOT_CLASS = YES_ERROR;
				CLANG_WARN_QUOTED_INCLUDE_IN_FRAMEWORK_HEADER = YES;
				CLANG_WARN_RANGE_LOOP_ANALYSIS = YES;
				CLANG_WARN_STRICT_PROTOTYPES = YES;
				CLANG_WARN_SUSPICIOUS_MOVE = YES;
				CLANG_WARN_UNGUARDED_AVAILABILITY = YES_AGGRESSIVE;
				CLANG_WARN_UNREACHABLE_CODE = YES;
				CLANG_WARN__DUPLICATE_METHOD_MATCH = YES;
				COPY_PHASE_STRIP = NO;
				DEBUG_INFORMATION_FORMAT = dwarf;
				ENABLE_STRICT_OBJC_MSGSEND = YES;
				ENABLE_TESTABILITY = YES;
				ENABLE_USER_SCRIPT_SANDBOXING = YES;
				GCC_C_LANGUAGE_STANDARD = gnu17;
				GCC_DYNAMIC_NO_PIC = NO;
				GCC_NO_COMMON_BLOCKS = YES;
				GCC_OPTIMIZATION_LEVEL = 0;
				GCC_PREPROCESSOR_DEFINITIONS = (
					"DEBUG=1",
					"$(inherited)",
				);
				GCC_WARN_64_TO_32_BIT_CONVERSION = YES;
				GCC_WARN_ABOUT_RETURN_TYPE = YES_ERROR;
				GCC_WARN_UNDECLARED_SELECTOR = YES;
				GCC_WARN_UNINITIALIZED_AUTOS = YES_AGGRESSIVE;
				GCC_WARN_UNUSED_FUNCTION = YES;
				GCC_WARN_UNUSED_VARIABLE = YES;
				IPHONEOS_DEPLOYMENT_TARGET = 17.0;
				LOCALIZATION_PREFERS_STRING_CATALOGS = YES;
				MTL_ENABLE_DEBUG_INFO = INCLUDE_SOURCE;
				MTL_FAST_MATH = YES;
				ONLY_ACTIVE_ARCH = YES;
				SDKROOT = iphoneos;
				SWIFT_ACTIVE_COMPILATION_CONDITIONS = "DEBUG $(inherited)";
				SWIFT_OPTIMIZATION_LEVEL = "-Onone";
			};
			name = Debug;
		};
		D94143862ACBE7D600AED53A /* Release */ = {
			isa = XCBuildConfiguration;
			buildSettings = {
				ALWAYS_SEARCH_USER_PATHS = NO;
				ASSETCATALOG_COMPILER_GENERATE_SWIFT_ASSET_SYMBOL_EXTENSIONS = YES;
				CLANG_ANALYZER_NONNULL = YES;
				CLANG_ANALYZER_NUMBER_OBJECT_CONVERSION = YES_AGGRESSIVE;
				CLANG_CXX_LANGUAGE_STANDARD = "gnu++20";
				CLANG_ENABLE_MODULES = YES;
				CLANG_ENABLE_OBJC_ARC = YES;
				CLANG_ENABLE_OBJC_WEAK = YES;
				CLANG_WARN_BLOCK_CAPTURE_AUTORELEASING = YES;
				CLANG_WARN_BOOL_CONVERSION = YES;
				CLANG_WARN_COMMA = YES;
				CLANG_WARN_CONSTANT_CONVERSION = YES;
				CLANG_WARN_DEPRECATED_OBJC_IMPLEMENTATIONS = YES;
				CLANG_WARN_DIRECT_OBJC_ISA_USAGE = YES_ERROR;
				CLANG_WARN_DOCUMENTATION_COMMENTS = YES;
				CLANG_WARN_EMPTY_BODY = YES;
				CLANG_WARN_ENUM_CONVERSION = YES;
				CLANG_WARN_INFINITE_RECURSION = YES;
				CLANG_WARN_INT_CONVERSION = YES;
				CLANG_WARN_NON_LITERAL_NULL_CONVERSION = YES;
				CLANG_WARN_OBJC_IMPLICIT_RETAIN_SELF = YES;
				CLANG_WARN_OBJC_LITERAL_CONVERSION = YES;
				CLANG_WARN_OBJC_ROOT_CLASS = YES_ERROR;
				CLANG_WARN_QUOTED_INCLUDE_IN_FRAMEWORK_HEADER = YES;
				CLANG_WARN_RANGE_LOOP_ANALYSIS = YES;
				CLANG_WARN_STRICT_PROTOTYPES = YES;
				CLANG_WARN_SUSPICIOUS_MOVE = YES;
				CLANG_WARN_UNGUARDED_AVAILABILITY = YES_AGGRESSIVE;
				CLANG_WARN_UNREACHABLE_CODE = YES;
				CLANG_WARN__DUPLICATE_METHOD_MATCH = YES;
				COPY_PHASE_STRIP = NO;
				DEBUG_INFORMATION_FORMAT = "dwarf-with-dsym";
				ENABLE_NS_ASSERTIONS = NO;
				ENABLE_STRICT_OBJC_MSGSEND = YES;
				ENABLE_USER_SCRIPT_SANDBOXING = YES;
				GCC_C_LANGUAGE_STANDARD = gnu17;
				GCC_NO_COMMON_BLOCKS = YES;
				GCC_WARN_64_TO_32_BIT_CONVERSION = YES;
				GCC_WARN_ABOUT_RETURN_TYPE = YES_ERROR;
				GCC_WARN_UNDECLARED_SELECTOR = YES;
				GCC_WARN_UNINITIALIZED_AUTOS = YES_AGGRESSIVE;
				GCC_WARN_UNUSED_FUNCTION = YES;
				GCC_WARN_UNUSED_VARIABLE = YES;
				IPHONEOS_DEPLOYMENT_TARGET = 17.0;
				LOCALIZATION_PREFERS_STRING_CATALOGS = YES;
				MTL_ENABLE_DEBUG_INFO = NO;
				MTL_FAST_MATH = YES;
				SDKROOT = iphoneos;
				SWIFT_COMPILATION_MODE = wholemodule;
				VALIDATE_PRODUCT = YES;
			};
			name = Release;
		};
		D94143882ACBE7D600AED53A /* Debug */ = {
			isa = XCBuildConfiguration;
			buildSettings = {
				ASSETCATALOG_COMPILER_APPICON_NAME = AppIcon;
				ASSETCATALOG_COMPILER_GLOBAL_ACCENT_COLOR_NAME = AccentColor;
				CODE_SIGN_STYLE = Automatic;
				CURRENT_PROJECT_VERSION = 1;
				DEVELOPMENT_TEAM = J653U6Q9Y9;
				GENERATE_INFOPLIST_FILE = YES;
				INFOPLIST_FILE = Bilge_Adam_iOS2/Info.plist;
				INFOPLIST_KEY_UIApplicationSupportsIndirectInputEvents = YES;
				INFOPLIST_KEY_UILaunchStoryboardName = LaunchScreen;
				INFOPLIST_KEY_UISupportedInterfaceOrientations_iPad = "UIInterfaceOrientationPortrait UIInterfaceOrientationPortraitUpsideDown UIInterfaceOrientationLandscapeLeft UIInterfaceOrientationLandscapeRight";
				INFOPLIST_KEY_UISupportedInterfaceOrientations_iPhone = "UIInterfaceOrientationPortrait UIInterfaceOrientationLandscapeLeft UIInterfaceOrientationLandscapeRight";
				LD_RUNPATH_SEARCH_PATHS = (
					"$(inherited)",
					"@executable_path/Frameworks",
				);
				MARKETING_VERSION = 1.0;
				PRODUCT_BUNDLE_IDENTIFIER = "ismailcaferoglu.Bilge-Adam-iOS2";
				PRODUCT_NAME = "$(TARGET_NAME)";
				SWIFT_EMIT_LOC_STRINGS = YES;
				SWIFT_VERSION = 5.0;
				TARGETED_DEVICE_FAMILY = "1,2";
			};
			name = Debug;
		};
		D94143892ACBE7D600AED53A /* Release */ = {
			isa = XCBuildConfiguration;
			buildSettings = {
				ASSETCATALOG_COMPILER_APPICON_NAME = AppIcon;
				ASSETCATALOG_COMPILER_GLOBAL_ACCENT_COLOR_NAME = AccentColor;
				CODE_SIGN_STYLE = Automatic;
				CURRENT_PROJECT_VERSION = 1;
				DEVELOPMENT_TEAM = J653U6Q9Y9;
				GENERATE_INFOPLIST_FILE = YES;
				INFOPLIST_FILE = Bilge_Adam_iOS2/Info.plist;
				INFOPLIST_KEY_UIApplicationSupportsIndirectInputEvents = YES;
				INFOPLIST_KEY_UILaunchStoryboardName = LaunchScreen;
				INFOPLIST_KEY_UISupportedInterfaceOrientations_iPad = "UIInterfaceOrientationPortrait UIInterfaceOrientationPortraitUpsideDown UIInterfaceOrientationLandscapeLeft UIInterfaceOrientationLandscapeRight";
				INFOPLIST_KEY_UISupportedInterfaceOrientations_iPhone = "UIInterfaceOrientationPortrait UIInterfaceOrientationLandscapeLeft UIInterfaceOrientationLandscapeRight";
				LD_RUNPATH_SEARCH_PATHS = (
					"$(inherited)",
					"@executable_path/Frameworks",
				);
				MARKETING_VERSION = 1.0;
				PRODUCT_BUNDLE_IDENTIFIER = "ismailcaferoglu.Bilge-Adam-iOS2";
				PRODUCT_NAME = "$(TARGET_NAME)";
				SWIFT_EMIT_LOC_STRINGS = YES;
				SWIFT_VERSION = 5.0;
				TARGETED_DEVICE_FAMILY = "1,2";
			};
			name = Release;
		};
/* End XCBuildConfiguration section */

/* Begin XCConfigurationList section */
		D941436E2ACBE7D500AED53A /* Build configuration list for PBXProject "Bilge_Adam_iOS2" */ = {
			isa = XCConfigurationList;
			buildConfigurations = (
				D94143852ACBE7D600AED53A /* Debug */,
				D94143862ACBE7D600AED53A /* Release */,
			);
			defaultConfigurationIsVisible = 0;
			defaultConfigurationName = Release;
		};
		D94143872ACBE7D600AED53A /* Build configuration list for PBXNativeTarget "Bilge_Adam_iOS2" */ = {
			isa = XCConfigurationList;
			buildConfigurations = (
				D94143882ACBE7D600AED53A /* Debug */,
				D94143892ACBE7D600AED53A /* Release */,
			);
			defaultConfigurationIsVisible = 0;
			defaultConfigurationName = Release;
		};
/* End XCConfigurationList section */

/* Begin XCRemoteSwiftPackageReference section */
		D9C9C8402AD4173000D5F81A /* XCRemoteSwiftPackageReference "SnapKit" */ = {
			isa = XCRemoteSwiftPackageReference;
			repositoryURL = "https://github.com/SnapKit/SnapKit.git";
			requirement = {
				kind = upToNextMajorVersion;
				minimumVersion = 5.6.0;
			};
		};
		D9C9C8452AD418A900D5F81A /* XCRemoteSwiftPackageReference "TinyConstraints" */ = {
			isa = XCRemoteSwiftPackageReference;
			repositoryURL = "https://github.com/roberthein/TinyConstraints.git";
			requirement = {
				kind = upToNextMajorVersion;
				minimumVersion = 4.0.2;
			};
		};
/* End XCRemoteSwiftPackageReference section */

/* Begin XCSwiftPackageProductDependency section */
		D9C9C8412AD4173000D5F81A /* SnapKit */ = {
			isa = XCSwiftPackageProductDependency;
			package = D9C9C8402AD4173000D5F81A /* XCRemoteSwiftPackageReference "SnapKit" */;
			productName = SnapKit;
		};
		D9C9C8432AD4173000D5F81A /* SnapKit-Dynamic */ = {
			isa = XCSwiftPackageProductDependency;
			package = D9C9C8402AD4173000D5F81A /* XCRemoteSwiftPackageReference "SnapKit" */;
			productName = "SnapKit-Dynamic";
		};
		D9C9C8462AD418A900D5F81A /* TinyConstraints */ = {
			isa = XCSwiftPackageProductDependency;
			package = D9C9C8452AD418A900D5F81A /* XCRemoteSwiftPackageReference "TinyConstraints" */;
			productName = TinyConstraints;
		};
/* End XCSwiftPackageProductDependency section */
	};
	rootObject = D941436B2ACBE7D500AED53A /* Project object */;
}
